
Microsoft Visual Studio Solution File, Format Version 12.00
# Visual Studio Version 16
VisualStudioVersion = 25.0.1703.8
MinimumVisualStudioVersion = 10.0.40219.1
Project("{FAE04EC0-301F-11D3-BF4B-00C04F79EFBC}") = "Travel", "Travel\Travel.csproj", "{78974453-953E-406D-A5EF-3CF17E723C15}"
EndProject
Global
	GlobalSection(SolutionConfigurationPlatforms) = preSolution
		Debug|Any CPU = Debug|Any CPU
		Release|Any CPU = Release|Any CPU
	EndGlobalSection
	GlobalSection(ProjectConfigurationPlatforms) = postSolution
		{78974453-953E-406D-A5EF-3CF17E723C15}.Debug|Any CPU.ActiveCfg = Debug|Any CPU
		{78974453-953E-406D-A5EF-3CF17E723C15}.Debug|Any CPU.Build.0 = Debug|Any CPU
		{78974453-953E-406D-A5EF-3CF17E723C15}.Release|Any CPU.ActiveCfg = Release|Any CPU
		{78974453-953E-406D-A5EF-3CF17E723C15}.Release|Any CPU.Build.0 = Release|Any CPU
	EndGlobalSection
	GlobalSection(SolutionProperties) = preSolution
		HideSolutionNode = FALSE
	EndGlobalSection
	GlobalSection(ExtensibilityGlobals) = postSolution
		SolutionGuid = {DF728F3E-098E-4F1B-A434-B4387B9C9E36}
	EndGlobalSection
EndGlobal
